
Microsoft Visual Studio Solution File, Format Version 12.00
# Visual Studio Version 17
VisualStudioVersion = 17.5.33424.131
MinimumVisualStudioVersion = 10.0.40219.1
Project("{FAE04EC0-301F-11D3-BF4B-00C04F79EFBC}") = "ArraysFuncoesAtividade", "ArraysFuncoesAtividade\ArraysFuncoesAtividade.csproj", "{FC833216-493B-48F1-96E0-CC9AB0AB9C94}"
EndProject
Global
	GlobalSection(SolutionConfigurationPlatforms) = preSolution
		Debug|Any CPU = Debug|Any CPU
		Release|Any CPU = Release|Any CPU
	EndGlobalSection
	GlobalSection(ProjectConfigurationPlatforms) = postSolution
		{FC833216-493B-48F1-96E0-CC9AB0AB9C94}.Debug|Any CPU.ActiveCfg = Debug|Any CPU
		{FC833216-493B-48F1-96E0-CC9AB0AB9C94}.Debug|Any CPU.Build.0 = Debug|Any CPU
		{FC833216-493B-48F1-96E0-CC9AB0AB9C94}.Release|Any CPU.ActiveCfg = Release|Any CPU
		{FC833216-493B-48F1-96E0-CC9AB0AB9C94}.Release|Any CPU.Build.0 = Release|Any CPU
	EndGlobalSection
	GlobalSection(SolutionProperties) = preSolution
		HideSolutionNode = FALSE
	EndGlobalSection
	GlobalSection(ExtensibilityGlobals) = postSolution
		SolutionGuid = {53198AF1-C6CA-4A87-89E7-2CFA79D8218C}
	EndGlobalSection
EndGlobal
